
Microsoft Visual Studio Solution File, Format Version 12.00
# Visual Studio Version 16
VisualStudioVersion = 16.0.30128.74
MinimumVisualStudioVersion = 10.0.40219.1
Project("{FAE04EC0-301F-11D3-BF4B-00C04F79EFBC}") = "SchoolSystemDB", "SchoolSystemDB\SchoolSystemDB.csproj", "{56FFF9BC-F974-48F8-B533-318CFAD338D9}"
EndProject
Global
	GlobalSection(SolutionConfigurationPlatforms) = preSolution
		Debug|Any CPU = Debug|Any CPU
		Release|Any CPU = Release|Any CPU
	EndGlobalSection
	GlobalSection(ProjectConfigurationPlatforms) = postSolution
		{56FFF9BC-F974-48F8-B533-318CFAD338D9}.Debug|Any CPU.ActiveCfg = Debug|Any CPU
		{56FFF9BC-F974-48F8-B533-318CFAD338D9}.Debug|Any CPU.Build.0 = Debug|Any CPU
		{56FFF9BC-F974-48F8-B533-318CFAD338D9}.Release|Any CPU.ActiveCfg = Release|Any CPU
		{56FFF9BC-F974-48F8-B533-318CFAD338D9}.Release|Any CPU.Build.0 = Release|Any CPU
	EndGlobalSection
	GlobalSection(SolutionProperties) = preSolution
		HideSolutionNode = FALSE
	EndGlobalSection
	GlobalSection(ExtensibilityGlobals) = postSolution
		SolutionGuid = {DCBE7A7E-AEA7-4375-99C8-CCBB97A8BB5D}
	EndGlobalSection
EndGlobal
